<?xml version="1.0" encoding="utf-8"?>
<Project ToolsVersion="4.0" xmlns="http://schemas.microsoft.com/developer/msbuild/2003">
  <ItemGroup>
    <Filter Include="ソース ファイル">
      <UniqueIdentifier>{4FC737F1-C7A5-4376-A066-2A32D752A2FF}</UniqueIdentifier>
      <Extensions>cpp;c;cc;cxx;c++;cppm;ixx;def;odl;idl;hpj;bat;asm;asmx</Extensions>
    </Filter>
    <Filter Include="ヘッダー ファイル">
      <UniqueIdentifier>{93995380-89BD-4b04-88EB-625FBE52EBFB}</UniqueIdentifier>
      <Extensions>h;hh;hpp;hxx;h++;hm;inl;inc;ipp;xsd</Extensions>
    </Filter>
    <Filter Include="リソース ファイル">
      <UniqueIdentifier>{67DA6AB6-F800-4c08-8B7A-83BB121AAD01}</UniqueIdentifier>
      <Extensions>rc;ico;cur;bmp;dlg;rc2;rct;bin;rgs;gif;jpg;jpeg;jpe;resx;tiff;tif;png;wav;mfcribbon-ms</Extensions>
    </Filter>
    <Filter Include="Cheat">
      <UniqueIdentifier>{fd8a8216-3803-4c7d-8fdc-223a2036a25e}</UniqueIdentifier>
    </Filter>
    <Filter Include="Framework">
      <UniqueIdentifier>{1b9817cd-46f9-4439-9419-78d053c3e152}</UniqueIdentifier>
    </Filter>
    <Filter Include="Framework\ImGui">
      <UniqueIdentifier>{6b85dfda-b23f-4f68-a7d7-96d16b39982a}</UniqueIdentifier>
    </Filter>
    <Filter Include="Framework\Overlay">
      <UniqueIdentifier>{afb86de2-e5e1-42f3-a8d7-f18ca76f4a17}</UniqueIdentifier>
    </Filter>
    <Filter Include="Framework\Utils">
      <UniqueIdentifier>{04b8cfc8-34d2-4204-b232-2352bc502d06}</UniqueIdentifier>
    </Filter>
    <Filter Include="Framework\Utils\Config">
      <UniqueIdentifier>{c82edab8-686a-41c7-96f1-7031c65e600e}</UniqueIdentifier>
    </Filter>
    <Filter Include="Framework\Utils\Memory">
      <UniqueIdentifier>{a54e8b14-8dc1-4d46-9721-90adf06a29c6}</UniqueIdentifier>
    </Filter>
    <Filter Include="Framework\Utils\SimpleMath">
      <UniqueIdentifier>{cd5d489e-5761-4c40-9420-fbe3d14315d0}</UniqueIdentifier>
    </Filter>
    <Filter Include="Cheat\SDK">
      <UniqueIdentifier>{32ca098a-5183-47e8-ae19-3f1ca8e372b6}</UniqueIdentifier>
    </Filter>
    <Filter Include="Cheat\SDK\GameSDK">
      <UniqueIdentifier>{2294c04f-d365-473c-a496-2ef6fb1ad748}</UniqueIdentifier>
    </Filter>
    <Filter Include="Cheat\SDK\CPed">
      <UniqueIdentifier>{afd37619-aa38-4c63-9a7d-bf8fa35dcf37}</UniqueIdentifier>
    </Filter>
  </ItemGroup>
  <ItemGroup>
    <ClCompile Include="main.cpp">
      <Filter>ソース ファイル</Filter>
    </ClCompile>
    <ClCompile Include="Framework\ImGui\Custom.cpp">
      <Filter>Framework\ImGui</Filter>
    </ClCompile>
    <ClCompile Include="Framework\ImGui\imgui.cpp">
      <Filter>Framework\ImGui</Filter>
    </ClCompile>
    <ClCompile Include="Framework\ImGui\imgui_demo.cpp">
      <Filter>Framework\ImGui</Filter>
    </ClCompile>
    <ClCompile Include="Framework\ImGui\imgui_draw.cpp">
      <Filter>Framework\ImGui</Filter>
    </ClCompile>
    <ClCompile Include="Framework\ImGui\imgui_impl_dx11.cpp">
      <Filter>Framework\ImGui</Filter>
    </ClCompile>
    <ClCompile Include="Framework\ImGui\imgui_impl_win32.cpp">
      <Filter>Framework\ImGui</Filter>
    </ClCompile>
    <ClCompile Include="Framework\ImGui\imgui_tables.cpp">
      <Filter>Framework\ImGui</Filter>
    </ClCompile>
    <ClCompile Include="Framework\ImGui\imgui_widgets.cpp">
      <Filter>Framework\ImGui</Filter>
    </ClCompile>
    <ClCompile Include="Framework\Overlay\Overlay.cpp">
      <Filter>Framework\Overlay</Filter>
    </ClCompile>
    <ClCompile Include="Framework\Utils\Memory\Memory.cpp">
      <Filter>Framework\Utils\Memory</Filter>
    </ClCompile>
    <ClCompile Include="Framework\Utils\Config\Config.cpp">
      <Filter>Framework\Utils\Config</Filter>
    </ClCompile>
    <ClCompile Include="Framework\Utils\Utils.cpp">
      <Filter>Framework\Utils</Filter>
    </ClCompile>
    <ClCompile Include="Cheat\Features.cpp">
      <Filter>Cheat</Filter>
    </ClCompile>
    <ClCompile Include="Cheat\Menu.cpp">
      <Filter>Cheat</Filter>
    </ClCompile>
    <ClCompile Include="Cheat\Visual.cpp">
      <Filter>Cheat</Filter>
    </ClCompile>
    <ClCompile Include="Cheat\SDK\GameSDK\GameSDK.cpp">
      <Filter>Cheat\SDK\GameSDK</Filter>
    </ClCompile>
    <ClCompile Include="Cheat\SDK\CPed\CPed.cpp">
      <Filter>Cheat\SDK\CPed</Filter>
    </ClCompile>
  </ItemGroup>
  <ItemGroup>
    <ClInclude Include="Framework\ImGui\Custom.h">
      <Filter>Framework\ImGui</Filter>
    </ClInclude>
    <ClInclude Include="Framework\ImGui\imconfig.h">
      <Filter>Framework\ImGui</Filter>
    </ClInclude>
    <ClInclude Include="Framework\ImGui\imgui.h">
      <Filter>Framework\ImGui</Filter>
    </ClInclude>
    <ClInclude Include="Framework\ImGui\imgui_impl_dx11.h">
      <Filter>Framework\ImGui</Filter>
    </ClInclude>
    <ClInclude Include="Framework\ImGui\imgui_impl_win32.h">
      <Filter>Framework\ImGui</Filter>
    </ClInclude>
    <ClInclude Include="Framework\ImGui\imgui_internal.h">
      <Filter>Framework\ImGui</Filter>
    </ClInclude>
    <ClInclude Include="Framework\ImGui\imstb_rectpack.h">
      <Filter>Framework\ImGui</Filter>
    </ClInclude>
    <ClInclude Include="Framework\ImGui\imstb_textedit.h">
      <Filter>Framework\ImGui</Filter>
    </ClInclude>
    <ClInclude Include="Framework\ImGui\imstb_truetype.h">
      <Filter>Framework\ImGui</Filter>
    </ClInclude>
    <ClInclude Include="Framework\Overlay\Overlay.h">
      <Filter>Framework\Overlay</Filter>
    </ClInclude>
    <ClInclude Include="Framework\Utils\SimpleMath\SimpleMath.h">
      <Filter>Framework\Utils\SimpleMath</Filter>
    </ClInclude>
    <ClInclude Include="Framework\Utils\Memory\Memory.h">
      <Filter>Framework\Utils\Memory</Filter>
    </ClInclude>
    <ClInclude Include="Framework\Utils\Config\Config.h">
      <Filter>Framework\Utils\Config</Filter>
    </ClInclude>
    <ClInclude Include="Framework\Utils\Utils.h">
      <Filter>Framework\Utils</Filter>
    </ClInclude>
    <ClInclude Include="Cheat\FrameCore.h">
      <Filter>Cheat</Filter>
    </ClInclude>
    <ClInclude Include="Cheat\SDK\GameSDK\GameSDK.h">
      <Filter>Cheat\SDK\GameSDK</Filter>
    </ClInclude>
    <ClInclude Include="Cheat\SDK\CPed\CPed.h">
      <Filter>Cheat\SDK\CPed</Filter>
    </ClInclude>
  </ItemGroup>
  <ItemGroup>
    <None Include="Framework\Utils\SimpleMath\SimpleMath.inl">
      <Filter>Framework\Utils\SimpleMath</Filter>
    </None>
  </ItemGroup>
</Project>